
Microsoft Visual Studio Solution File, Format Version 12.00
# Visual Studio 15
VisualStudioVersion = 15.0.26403.7
MinimumVisualStudioVersion = 10.0.40219.1
Project("{9A19103F-16F7-4668-BE54-9A1E7A4F7556}") = "BettingSystem.WebApp", "BettingSystem.WebApp\BettingSystem.WebApp.csproj", "{6728EEFB-C9E2-439E-A727-4F15AD6D57BA}"
EndProject
Project("{9A19103F-16F7-4668-BE54-9A1E7A4F7556}") = "BettingSystem.Core", "BettingSystem.Core\BettingSystem.Core.csproj", "{ECFD1AAE-EA74-44A5-AFC6-7E7D8358C4C3}"
EndProject
Project("{9A19103F-16F7-4668-BE54-9A1E7A4F7556}") = "BettingSystem.Infrastructure", "BettingSystem.Infrastructure\BettingSystem.Infrastructure.csproj", "{3106DE5A-1124-4D84-8C53-C5900951B662}"
EndProject
Project("{FAE04EC0-301F-11D3-BF4B-00C04F79EFBC}") = "BettingSystem.Hangfire", "BettingSystem.Hangfire\BettingSystem.Hangfire.csproj", "{72621F2B-1A32-4DA9-8C73-46B9F1015A9C}"
EndProject
Global
	GlobalSection(SolutionConfigurationPlatforms) = preSolution
		Debug|Any CPU = Debug|Any CPU
		Release|Any CPU = Release|Any CPU
	EndGlobalSection
	GlobalSection(ProjectConfigurationPlatforms) = postSolution
		{6728EEFB-C9E2-439E-A727-4F15AD6D57BA}.Debug|Any CPU.ActiveCfg = Debug|Any CPU
		{6728EEFB-C9E2-439E-A727-4F15AD6D57BA}.Debug|Any CPU.Build.0 = Debug|Any CPU
		{6728EEFB-C9E2-439E-A727-4F15AD6D57BA}.Release|Any CPU.ActiveCfg = Release|Any CPU
		{6728EEFB-C9E2-439E-A727-4F15AD6D57BA}.Release|Any CPU.Build.0 = Release|Any CPU
		{ECFD1AAE-EA74-44A5-AFC6-7E7D8358C4C3}.Debug|Any CPU.ActiveCfg = Debug|Any CPU
		{ECFD1AAE-EA74-44A5-AFC6-7E7D8358C4C3}.Debug|Any CPU.Build.0 = Debug|Any CPU
		{ECFD1AAE-EA74-44A5-AFC6-7E7D8358C4C3}.Release|Any CPU.ActiveCfg = Release|Any CPU
		{ECFD1AAE-EA74-44A5-AFC6-7E7D8358C4C3}.Release|Any CPU.Build.0 = Release|Any CPU
		{3106DE5A-1124-4D84-8C53-C5900951B662}.Debug|Any CPU.ActiveCfg = Debug|Any CPU
		{3106DE5A-1124-4D84-8C53-C5900951B662}.Debug|Any CPU.Build.0 = Debug|Any CPU
		{3106DE5A-1124-4D84-8C53-C5900951B662}.Release|Any CPU.ActiveCfg = Release|Any CPU
		{3106DE5A-1124-4D84-8C53-C5900951B662}.Release|Any CPU.Build.0 = Release|Any CPU
		{72621F2B-1A32-4DA9-8C73-46B9F1015A9C}.Debug|Any CPU.ActiveCfg = Debug|Any CPU
		{72621F2B-1A32-4DA9-8C73-46B9F1015A9C}.Debug|Any CPU.Build.0 = Debug|Any CPU
		{72621F2B-1A32-4DA9-8C73-46B9F1015A9C}.Release|Any CPU.ActiveCfg = Release|Any CPU
		{72621F2B-1A32-4DA9-8C73-46B9F1015A9C}.Release|Any CPU.Build.0 = Release|Any CPU
	EndGlobalSection
	GlobalSection(SolutionProperties) = preSolution
		HideSolutionNode = FALSE
	EndGlobalSection
	GlobalSection(ExtensibilityGlobals) = postSolution
		SolutionGuid = {642A9908-96C0-471B-B45F-81EDEBB48D35}
	EndGlobalSection
EndGlobal
